// !$*UTF8*$!
{
	archiveVersion = 1;
	classes = {
	};
	objectVersion = 56;
	objects = {

/* Begin PBXBuildFile section */
		920D08532BDABCE400B2466C /* MessageCellView.swift in Sources */ = {isa = PBXBuildFile; fileRef = 920D08522BDABCE400B2466C /* MessageCellView.swift */; };
		920D08592BDAC55000B2466C /* MessageBubbleView.swift in Sources */ = {isa = PBXBuildFile; fileRef = 920D08582BDAC55000B2466C /* MessageBubbleView.swift */; };
		920E50312C0C144400368677 /* GoogleService-Info.plist in Resources */ = {isa = PBXBuildFile; fileRef = 920E50302C0C144400368677 /* GoogleService-Info.plist */; };
		920E50332C0C18F500368677 /* SettingsViewModel.swift in Sources */ = {isa = PBXBuildFile; fileRef = 920E50322C0C18F500368677 /* SettingsViewModel.swift */; };
		925B35EC2BE2EBC200DAF991 /* AuthenticationView.swift in Sources */ = {isa = PBXBuildFile; fileRef = 925B35EB2BE2EBC200DAF991 /* AuthenticationView.swift */; };
		925B35EE2BE2EBCC00DAF991 /* RootView.swift in Sources */ = {isa = PBXBuildFile; fileRef = 925B35ED2BE2EBCC00DAF991 /* RootView.swift */; };
		925B35F02BE2EBD400DAF991 /* SignInEmailView.swift in Sources */ = {isa = PBXBuildFile; fileRef = 925B35EF2BE2EBD400DAF991 /* SignInEmailView.swift */; };
		925B35F22BE2EBDF00DAF991 /* SettingsView.swift in Sources */ = {isa = PBXBuildFile; fileRef = 925B35F12BE2EBDF00DAF991 /* SettingsView.swift */; };
		925B35F42BE2EC3500DAF991 /* AuthenticationManager.swift in Sources */ = {isa = PBXBuildFile; fileRef = 925B35F32BE2EC3500DAF991 /* AuthenticationManager.swift */; };
		926BC0382C0A9760001279CF /* FirebaseFirestoreSwift in Frameworks */ = {isa = PBXBuildFile; productRef = 926BC0372C0A9760001279CF /* FirebaseFirestoreSwift */; };
		928CCCCA2BDE6D05007831A9 /* MessagesData.swift in Sources */ = {isa = PBXBuildFile; fileRef = 928CCCC92BDE6D05007831A9 /* MessagesData.swift */; };
		928CCCCD2BDEF6EE007831A9 /* FirebaseAnalytics in Frameworks */ = {isa = PBXBuildFile; productRef = 928CCCCC2BDEF6EE007831A9 /* FirebaseAnalytics */; };
		928CCCCF2BDEF6EE007831A9 /* FirebaseAuth in Frameworks */ = {isa = PBXBuildFile; productRef = 928CCCCE2BDEF6EE007831A9 /* FirebaseAuth */; };
		928CCCD12BDEF6EE007831A9 /* FirebaseCrashlytics in Frameworks */ = {isa = PBXBuildFile; productRef = 928CCCD02BDEF6EE007831A9 /* FirebaseCrashlytics */; };
		928CCCD32BDEF6EE007831A9 /* FirebaseDatabaseSwift in Frameworks */ = {isa = PBXBuildFile; productRef = 928CCCD22BDEF6EE007831A9 /* FirebaseDatabaseSwift */; };
		92BD682A2BE2F7B5000BACB3 /* MessagesView.swift in Sources */ = {isa = PBXBuildFile; fileRef = 92BD68292BE2F7B5000BACB3 /* MessagesView.swift */; };
		92BD682E2BE2FAEC000BACB3 /* PersonalMessageView.swift in Sources */ = {isa = PBXBuildFile; fileRef = 92BD682D2BE2FAEC000BACB3 /* PersonalMessageView.swift */; };
		92C4794A2BCEA94C0020EB10 /* SoloTabView.swift in Sources */ = {isa = PBXBuildFile; fileRef = 92C479492BCEA94C0020EB10 /* SoloTabView.swift */; };
		92D2F80D2BCE7DCB0057534B /* SoloTravelApp.swift in Sources */ = {isa = PBXBuildFile; fileRef = 92D2F80C2BCE7DCB0057534B /* SoloTravelApp.swift */; };
		92D2F80F2BCE7DCB0057534B /* HomeView.swift in Sources */ = {isa = PBXBuildFile; fileRef = 92D2F80E2BCE7DCB0057534B /* HomeView.swift */; };
		92D2F8112BCE7DCD0057534B /* Assets.xcassets in Resources */ = {isa = PBXBuildFile; fileRef = 92D2F8102BCE7DCD0057534B /* Assets.xcassets */; };
		92D2F8142BCE7DCD0057534B /* Preview Assets.xcassets in Resources */ = {isa = PBXBuildFile; fileRef = 92D2F8132BCE7DCD0057534B /* Preview Assets.xcassets */; };
		92D2F81E2BCE7DCD0057534B /* SoloTravelTests.swift in Sources */ = {isa = PBXBuildFile; fileRef = 92D2F81D2BCE7DCD0057534B /* SoloTravelTests.swift */; };
		92D2F8282BCE7DCD0057534B /* SoloTravelUITests.swift in Sources */ = {isa = PBXBuildFile; fileRef = 92D2F8272BCE7DCD0057534B /* SoloTravelUITests.swift */; };
		92D2F82A2BCE7DCD0057534B /* SoloTravelUITestsLaunchTests.swift in Sources */ = {isa = PBXBuildFile; fileRef = 92D2F8292BCE7DCD0057534B /* SoloTravelUITestsLaunchTests.swift */; };
		92D2F8372BCE82B90057534B /* HomeViewModel.swift in Sources */ = {isa = PBXBuildFile; fileRef = 92D2F8362BCE82B90057534B /* HomeViewModel.swift */; };
		92D2F8392BCE85140057534B /* AccountButton.swift in Sources */ = {isa = PBXBuildFile; fileRef = 92D2F8382BCE85140057534B /* AccountButton.swift */; };
		92D2F8412BCE88FF0057534B /* TravelError.swift in Sources */ = {isa = PBXBuildFile; fileRef = 92D2F8402BCE88FF0057534B /* TravelError.swift */; };
		92D2F8432BCE891A0057534B /* Alert.swift in Sources */ = {isa = PBXBuildFile; fileRef = 92D2F8422BCE891A0057534B /* Alert.swift */; };
		92D2F8482BCE89C30057534B /* String+Ext.swift in Sources */ = {isa = PBXBuildFile; fileRef = 92D2F8472BCE89C30057534B /* String+Ext.swift */; };
		92D53E662C0E120D0085B3EF /* DataModels.swift in Sources */ = {isa = PBXBuildFile; fileRef = 92D53E652C0E120D0085B3EF /* DataModels.swift */; };
		92D53E6A2C0E12900085B3EF /* MessageManager.swift in Sources */ = {isa = PBXBuildFile; fileRef = 92D53E692C0E12900085B3EF /* MessageManager.swift */; };
		92D53E6C2C0E146B0085B3EF /* MessagesViewModel.swift in Sources */ = {isa = PBXBuildFile; fileRef = 92D53E6B2C0E146B0085B3EF /* MessagesViewModel.swift */; };
		92D732A32BE7FC2C005629CB /* SignInEmailViewModel.swift in Sources */ = {isa = PBXBuildFile; fileRef = 92D732A22BE7FC2C005629CB /* SignInEmailViewModel.swift */; };
		92D732A62BE7FDA7005629CB /* ProfileView.swift in Sources */ = {isa = PBXBuildFile; fileRef = 92D732A52BE7FDA7005629CB /* ProfileView.swift */; };
		92DC6B612BF64D46001B2680 /* UserManager.swift in Sources */ = {isa = PBXBuildFile; fileRef = 92DC6B602BF64D46001B2680 /* UserManager.swift */; };
		92DC6B712BF65041001B2680 /* MeetupsView.swift in Sources */ = {isa = PBXBuildFile; fileRef = 92DC6B702BF65041001B2680 /* MeetupsView.swift */; };
		92DC6B7B2BF651B8001B2680 /* MeetupView.swift in Sources */ = {isa = PBXBuildFile; fileRef = 92DC6B7A2BF651B8001B2680 /* MeetupView.swift */; };
		92DC6B7D2BF65206001B2680 /* MockData.swift in Sources */ = {isa = PBXBuildFile; fileRef = 92DC6B7C2BF65206001B2680 /* MockData.swift */; };
		92DC6B7F2BF65428001B2680 /* MeetupDetailsView.swift in Sources */ = {isa = PBXBuildFile; fileRef = 92DC6B7E2BF65428001B2680 /* MeetupDetailsView.swift */; };
		92DC6B812BF6B0BF001B2680 /* FirebaseAnalyticsOnDeviceConversion in Frameworks */ = {isa = PBXBuildFile; productRef = 92DC6B802BF6B0BF001B2680 /* FirebaseAnalyticsOnDeviceConversion */; };
		92DC6B832BF6B0BF001B2680 /* FirebaseFirestore in Frameworks */ = {isa = PBXBuildFile; productRef = 92DC6B822BF6B0BF001B2680 /* FirebaseFirestore */; };
		92F1A70B2C0FA6DD00649E6D /* MeetupCreationView.swift in Sources */ = {isa = PBXBuildFile; fileRef = 92F1A70A2C0FA6DD00649E6D /* MeetupCreationView.swift */; };
/* End PBXBuildFile section */

/* Begin PBXContainerItemProxy section */
		92D2F81A2BCE7DCD0057534B /* PBXContainerItemProxy */ = {
			isa = PBXContainerItemProxy;
			containerPortal = 92D2F8012BCE7DCB0057534B /* Project object */;
			proxyType = 1;
			remoteGlobalIDString = 92D2F8082BCE7DCB0057534B;
			remoteInfo = SoloTravel;
		};
		92D2F8242BCE7DCD0057534B /* PBXContainerItemProxy */ = {
			isa = PBXContainerItemProxy;
			containerPortal = 92D2F8012BCE7DCB0057534B /* Project object */;
			proxyType = 1;
			remoteGlobalIDString = 92D2F8082BCE7DCB0057534B;
			remoteInfo = SoloTravel;
		};
/* End PBXContainerItemProxy section */

/* Begin PBXFileReference section */
		920D08522BDABCE400B2466C /* MessageCellView.swift */ = {isa = PBXFileReference; lastKnownFileType = sourcecode.swift; path = MessageCellView.swift; sourceTree = "<group>"; };
		920D08582BDAC55000B2466C /* MessageBubbleView.swift */ = {isa = PBXFileReference; lastKnownFileType = sourcecode.swift; path = MessageBubbleView.swift; sourceTree = "<group>"; };
		920E50302C0C144400368677 /* GoogleService-Info.plist */ = {isa = PBXFileReference; fileEncoding = 4; lastKnownFileType = text.plist.xml; path = "GoogleService-Info.plist"; sourceTree = "<group>"; };
		920E50322C0C18F500368677 /* SettingsViewModel.swift */ = {isa = PBXFileReference; lastKnownFileType = sourcecode.swift; path = SettingsViewModel.swift; sourceTree = "<group>"; };
		925B35EB2BE2EBC200DAF991 /* AuthenticationView.swift */ = {isa = PBXFileReference; lastKnownFileType = sourcecode.swift; path = AuthenticationView.swift; sourceTree = "<group>"; };
		925B35ED2BE2EBCC00DAF991 /* RootView.swift */ = {isa = PBXFileReference; lastKnownFileType = sourcecode.swift; path = RootView.swift; sourceTree = "<group>"; };
		925B35EF2BE2EBD400DAF991 /* SignInEmailView.swift */ = {isa = PBXFileReference; lastKnownFileType = sourcecode.swift; path = SignInEmailView.swift; sourceTree = "<group>"; };
		925B35F12BE2EBDF00DAF991 /* SettingsView.swift */ = {isa = PBXFileReference; lastKnownFileType = sourcecode.swift; path = SettingsView.swift; sourceTree = "<group>"; };
		925B35F32BE2EC3500DAF991 /* AuthenticationManager.swift */ = {isa = PBXFileReference; lastKnownFileType = sourcecode.swift; path = AuthenticationManager.swift; sourceTree = "<group>"; };
		928CCCC92BDE6D05007831A9 /* MessagesData.swift */ = {isa = PBXFileReference; lastKnownFileType = sourcecode.swift; path = MessagesData.swift; sourceTree = "<group>"; };
		92BD68292BE2F7B5000BACB3 /* MessagesView.swift */ = {isa = PBXFileReference; fileEncoding = 4; lastKnownFileType = sourcecode.swift; path = MessagesView.swift; sourceTree = "<group>"; };
		92BD682D2BE2FAEC000BACB3 /* PersonalMessageView.swift */ = {isa = PBXFileReference; lastKnownFileType = sourcecode.swift; path = PersonalMessageView.swift; sourceTree = "<group>"; };
		92C479492BCEA94C0020EB10 /* SoloTabView.swift */ = {isa = PBXFileReference; lastKnownFileType = sourcecode.swift; path = SoloTabView.swift; sourceTree = "<group>"; };
		92D2F8092BCE7DCB0057534B /* SoloTravel.app */ = {isa = PBXFileReference; explicitFileType = wrapper.application; includeInIndex = 0; path = SoloTravel.app; sourceTree = BUILT_PRODUCTS_DIR; };
		92D2F80C2BCE7DCB0057534B /* SoloTravelApp.swift */ = {isa = PBXFileReference; lastKnownFileType = sourcecode.swift; path = SoloTravelApp.swift; sourceTree = "<group>"; };
		92D2F80E2BCE7DCB0057534B /* HomeView.swift */ = {isa = PBXFileReference; lastKnownFileType = sourcecode.swift; path = HomeView.swift; sourceTree = "<group>"; };
		92D2F8102BCE7DCD0057534B /* Assets.xcassets */ = {isa = PBXFileReference; lastKnownFileType = folder.assetcatalog; path = Assets.xcassets; sourceTree = "<group>"; };
		92D2F8132BCE7DCD0057534B /* Preview Assets.xcassets */ = {isa = PBXFileReference; lastKnownFileType = folder.assetcatalog; path = "Preview Assets.xcassets"; sourceTree = "<group>"; };
		92D2F8192BCE7DCD0057534B /* SoloTravelTests.xctest */ = {isa = PBXFileReference; explicitFileType = wrapper.cfbundle; includeInIndex = 0; path = SoloTravelTests.xctest; sourceTree = BUILT_PRODUCTS_DIR; };
		92D2F81D2BCE7DCD0057534B /* SoloTravelTests.swift */ = {isa = PBXFileReference; lastKnownFileType = sourcecode.swift; path = SoloTravelTests.swift; sourceTree = "<group>"; };
		92D2F8232BCE7DCD0057534B /* SoloTravelUITests.xctest */ = {isa = PBXFileReference; explicitFileType = wrapper.cfbundle; includeInIndex = 0; path = SoloTravelUITests.xctest; sourceTree = BUILT_PRODUCTS_DIR; };
		92D2F8272BCE7DCD0057534B /* SoloTravelUITests.swift */ = {isa = PBXFileReference; lastKnownFileType = sourcecode.swift; path = SoloTravelUITests.swift; sourceTree = "<group>"; };
		92D2F8292BCE7DCD0057534B /* SoloTravelUITestsLaunchTests.swift */ = {isa = PBXFileReference; lastKnownFileType = sourcecode.swift; path = SoloTravelUITestsLaunchTests.swift; sourceTree = "<group>"; };
		92D2F8362BCE82B90057534B /* HomeViewModel.swift */ = {isa = PBXFileReference; lastKnownFileType = sourcecode.swift; path = HomeViewModel.swift; sourceTree = "<group>"; };
		92D2F8382BCE85140057534B /* AccountButton.swift */ = {isa = PBXFileReference; lastKnownFileType = sourcecode.swift; path = AccountButton.swift; sourceTree = "<group>"; };
		92D2F8402BCE88FF0057534B /* TravelError.swift */ = {isa = PBXFileReference; lastKnownFileType = sourcecode.swift; path = TravelError.swift; sourceTree = "<group>"; };
		92D2F8422BCE891A0057534B /* Alert.swift */ = {isa = PBXFileReference; lastKnownFileType = sourcecode.swift; path = Alert.swift; sourceTree = "<group>"; };
		92D2F8472BCE89C30057534B /* String+Ext.swift */ = {isa = PBXFileReference; lastKnownFileType = sourcecode.swift; path = "String+Ext.swift"; sourceTree = "<group>"; };
		92D53E652C0E120D0085B3EF /* DataModels.swift */ = {isa = PBXFileReference; lastKnownFileType = sourcecode.swift; path = DataModels.swift; sourceTree = "<group>"; };
		92D53E692C0E12900085B3EF /* MessageManager.swift */ = {isa = PBXFileReference; lastKnownFileType = sourcecode.swift; path = MessageManager.swift; sourceTree = "<group>"; };
		92D53E6B2C0E146B0085B3EF /* MessagesViewModel.swift */ = {isa = PBXFileReference; lastKnownFileType = sourcecode.swift; path = MessagesViewModel.swift; sourceTree = "<group>"; };
		92D732A22BE7FC2C005629CB /* SignInEmailViewModel.swift */ = {isa = PBXFileReference; lastKnownFileType = sourcecode.swift; path = SignInEmailViewModel.swift; sourceTree = "<group>"; };
		92D732A52BE7FDA7005629CB /* ProfileView.swift */ = {isa = PBXFileReference; lastKnownFileType = sourcecode.swift; path = ProfileView.swift; sourceTree = "<group>"; };
		92DC6B602BF64D46001B2680 /* UserManager.swift */ = {isa = PBXFileReference; lastKnownFileType = sourcecode.swift; path = UserManager.swift; sourceTree = "<group>"; };
		92DC6B702BF65041001B2680 /* MeetupsView.swift */ = {isa = PBXFileReference; lastKnownFileType = sourcecode.swift; path = MeetupsView.swift; sourceTree = "<group>"; };
		92DC6B7A2BF651B8001B2680 /* MeetupView.swift */ = {isa = PBXFileReference; lastKnownFileType = sourcecode.swift; path = MeetupView.swift; sourceTree = "<group>"; };
		92DC6B7C2BF65206001B2680 /* MockData.swift */ = {isa = PBXFileReference; lastKnownFileType = sourcecode.swift; path = MockData.swift; sourceTree = "<group>"; };
		92DC6B7E2BF65428001B2680 /* MeetupDetailsView.swift */ = {isa = PBXFileReference; lastKnownFileType = sourcecode.swift; path = MeetupDetailsView.swift; sourceTree = "<group>"; };
		92F1A70A2C0FA6DD00649E6D /* MeetupCreationView.swift */ = {isa = PBXFileReference; fileEncoding = 4; lastKnownFileType = sourcecode.swift; path = MeetupCreationView.swift; sourceTree = "<group>"; };
/* End PBXFileReference section */

/* Begin PBXFrameworksBuildPhase section */
		92D2F8062BCE7DCB0057534B /* Frameworks */ = {
			isa = PBXFrameworksBuildPhase;
			buildActionMask = 2147483647;
			files = (
				928CCCD32BDEF6EE007831A9 /* FirebaseDatabaseSwift in Frameworks */,
				928CCCD12BDEF6EE007831A9 /* FirebaseCrashlytics in Frameworks */,
				92DC6B812BF6B0BF001B2680 /* FirebaseAnalyticsOnDeviceConversion in Frameworks */,
				926BC0382C0A9760001279CF /* FirebaseFirestoreSwift in Frameworks */,
				928CCCCD2BDEF6EE007831A9 /* FirebaseAnalytics in Frameworks */,
				928CCCCF2BDEF6EE007831A9 /* FirebaseAuth in Frameworks */,
				92DC6B832BF6B0BF001B2680 /* FirebaseFirestore in Frameworks */,
			);
			runOnlyForDeploymentPostprocessing = 0;
		};
		92D2F8162BCE7DCD0057534B /* Frameworks */ = {
			isa = PBXFrameworksBuildPhase;
			buildActionMask = 2147483647;
			files = (
			);
			runOnlyForDeploymentPostprocessing = 0;
		};
		92D2F8202BCE7DCD0057534B /* Frameworks */ = {
			isa = PBXFrameworksBuildPhase;
			buildActionMask = 2147483647;
			files = (
			);
			runOnlyForDeploymentPostprocessing = 0;
		};
/* End PBXFrameworksBuildPhase section */

/* Begin PBXGroup section */
		920D08512BDABCDA00B2466C /* Custom Views */ = {
			isa = PBXGroup;
			children = (
				92BD68292BE2F7B5000BACB3 /* MessagesView.swift */,
				92D53E6B2C0E146B0085B3EF /* MessagesViewModel.swift */,
				92BD682D2BE2FAEC000BACB3 /* PersonalMessageView.swift */,
				920D08522BDABCE400B2466C /* MessageCellView.swift */,
				920D08582BDAC55000B2466C /* MessageBubbleView.swift */,
			);
			path = "Custom Views";
			sourceTree = "<group>";
		};
		925B35EA2BE2EBAE00DAF991 /* Authentication */ = {
			isa = PBXGroup;
			children = (
				92DC6B602BF64D46001B2680 /* UserManager.swift */,
				925B35EB2BE2EBC200DAF991 /* AuthenticationView.swift */,
				92DC6B662BF64E69001B2680 /* Subviews */,
			);
			path = Authentication;
			sourceTree = "<group>";
		};
		926BC0362C0A9760001279CF /* Frameworks */ = {
			isa = PBXGroup;
			children = (
			);
			name = Frameworks;
			sourceTree = "<group>";
		};
		92BD682F2BE2FAF1000BACB3 /* Messages */ = {
			isa = PBXGroup;
			children = (
				928CCCC92BDE6D05007831A9 /* MessagesData.swift */,
				920D08512BDABCDA00B2466C /* Custom Views */,
				92D53E692C0E12900085B3EF /* MessageManager.swift */,
			);
			path = Messages;
			sourceTree = "<group>";
		};
		92D2F8002BCE7DCB0057534B = {
			isa = PBXGroup;
			children = (
				92D2F80B2BCE7DCB0057534B /* SoloTravel */,
				920E50302C0C144400368677 /* GoogleService-Info.plist */,
				92D2F81C2BCE7DCD0057534B /* SoloTravelTests */,
				92D2F8262BCE7DCD0057534B /* SoloTravelUITests */,
				92D2F80A2BCE7DCB0057534B /* Products */,
				926BC0362C0A9760001279CF /* Frameworks */,
			);
			sourceTree = "<group>";
		};
		92D2F80A2BCE7DCB0057534B /* Products */ = {
			isa = PBXGroup;
			children = (
				92D2F8092BCE7DCB0057534B /* SoloTravel.app */,
				92D2F8192BCE7DCD0057534B /* SoloTravelTests.xctest */,
				92D2F8232BCE7DCD0057534B /* SoloTravelUITests.xctest */,
			);
			name = Products;
			sourceTree = "<group>";
		};
		92D2F80B2BCE7DCB0057534B /* SoloTravel */ = {
			isa = PBXGroup;
			children = (
				92DC6B652BF64E53001B2680 /* Core */,
				92DC6B692BF64F24001B2680 /* Authentication */,
				92D2F8442BCE892C0057534B /* Utilities */,
				92D2F8102BCE7DCD0057534B /* Assets.xcassets */,
				92D2F8122BCE7DCD0057534B /* Preview Content */,
				92DC6B7C2BF65206001B2680 /* MockData.swift */,
			);
			path = SoloTravel;
			sourceTree = "<group>";
		};
		92D2F8122BCE7DCD0057534B /* Preview Content */ = {
			isa = PBXGroup;
			children = (
				92D2F8132BCE7DCD0057534B /* Preview Assets.xcassets */,
			);
			path = "Preview Content";
			sourceTree = "<group>";
		};
		92D2F81C2BCE7DCD0057534B /* SoloTravelTests */ = {
			isa = PBXGroup;
			children = (
				92D2F81D2BCE7DCD0057534B /* SoloTravelTests.swift */,
			);
			path = SoloTravelTests;
			sourceTree = "<group>";
		};
		92D2F8262BCE7DCD0057534B /* SoloTravelUITests */ = {
			isa = PBXGroup;
			children = (
				92D2F8272BCE7DCD0057534B /* SoloTravelUITests.swift */,
				92D2F8292BCE7DCD0057534B /* SoloTravelUITestsLaunchTests.swift */,
			);
			path = SoloTravelUITests;
			sourceTree = "<group>";
		};
		92D2F8442BCE892C0057534B /* Utilities */ = {
			isa = PBXGroup;
			children = (
				92D2F8492BCE8A590057534B /* Buttons */,
				92D2F8462BCE89B50057534B /* Extensions */,
				92D2F8452BCE89390057534B /* Alerts */,
				92D53E652C0E120D0085B3EF /* DataModels.swift */,
			);
			path = Utilities;
			sourceTree = "<group>";
		};
		92D2F8452BCE89390057534B /* Alerts */ = {
			isa = PBXGroup;
			children = (
				92D2F8422BCE891A0057534B /* Alert.swift */,
				92D2F8402BCE88FF0057534B /* TravelError.swift */,
			);
			path = Alerts;
			sourceTree = "<group>";
		};
		92D2F8462BCE89B50057534B /* Extensions */ = {
			isa = PBXGroup;
			children = (
				92D2F8472BCE89C30057534B /* String+Ext.swift */,
			);
			path = Extensions;
			sourceTree = "<group>";
		};
		92D2F8492BCE8A590057534B /* Buttons */ = {
			isa = PBXGroup;
			children = (
				92D2F8382BCE85140057534B /* AccountButton.swift */,
			);
			path = Buttons;
			sourceTree = "<group>";
		};
		92DC6B652BF64E53001B2680 /* Core */ = {
			isa = PBXGroup;
			children = (
				92D2F80C2BCE7DCB0057534B /* SoloTravelApp.swift */,
				925B35ED2BE2EBCC00DAF991 /* RootView.swift */,
				925B35EA2BE2EBAE00DAF991 /* Authentication */,
				92DC6B6A2BF64F36001B2680 /* Home */,
				92DC6B6F2BF65014001B2680 /* Meetups */,
				92BD682F2BE2FAF1000BACB3 /* Messages */,
				92DC6B682BF64EEE001B2680 /* Profile */,
				92DC6B672BF64E87001B2680 /* Settings */,
			);
			path = Core;
			sourceTree = "<group>";
		};
		92DC6B662BF64E69001B2680 /* Subviews */ = {
			isa = PBXGroup;
			children = (
				92D732A22BE7FC2C005629CB /* SignInEmailViewModel.swift */,
				925B35EF2BE2EBD400DAF991 /* SignInEmailView.swift */,
			);
			path = Subviews;
			sourceTree = "<group>";
		};
		92DC6B672BF64E87001B2680 /* Settings */ = {
			isa = PBXGroup;
			children = (
				925B35F12BE2EBDF00DAF991 /* SettingsView.swift */,
				920E50322C0C18F500368677 /* SettingsViewModel.swift */,
			);
			path = Settings;
			sourceTree = "<group>";
		};
		92DC6B682BF64EEE001B2680 /* Profile */ = {
			isa = PBXGroup;
			children = (
				92D732A52BE7FDA7005629CB /* ProfileView.swift */,
			);
			path = Profile;
			sourceTree = "<group>";
		};
		92DC6B692BF64F24001B2680 /* Authentication */ = {
			isa = PBXGroup;
			children = (
				925B35F32BE2EC3500DAF991 /* AuthenticationManager.swift */,
			);
			path = Authentication;
			sourceTree = "<group>";
		};
		92DC6B6A2BF64F36001B2680 /* Home */ = {
			isa = PBXGroup;
			children = (
				92C479492BCEA94C0020EB10 /* SoloTabView.swift */,
				92D2F80E2BCE7DCB0057534B /* HomeView.swift */,
				92D2F8362BCE82B90057534B /* HomeViewModel.swift */,
			);
			path = Home;
			sourceTree = "<group>";
		};
		92DC6B6F2BF65014001B2680 /* Meetups */ = {
			isa = PBXGroup;
			children = (
				92DC6B702BF65041001B2680 /* MeetupsView.swift */,
				92DC6B7E2BF65428001B2680 /* MeetupDetailsView.swift */,
				92F1A70A2C0FA6DD00649E6D /* MeetupCreationView.swift */,
				92DC6B7A2BF651B8001B2680 /* MeetupView.swift */,
			);
			path = Meetups;
			sourceTree = "<group>";
		};
/* End PBXGroup section */

/* Begin PBXNativeTarget section */
		92D2F8082BCE7DCB0057534B /* SoloTravel */ = {
			isa = PBXNativeTarget;
			buildConfigurationList = 92D2F82D2BCE7DCD0057534B /* Build configuration list for PBXNativeTarget "SoloTravel" */;
			buildPhases = (
				92D2F8052BCE7DCB0057534B /* Sources */,
				92D2F8062BCE7DCB0057534B /* Frameworks */,
				92D2F8072BCE7DCB0057534B /* Resources */,
			);
			buildRules = (
			);
			dependencies = (
			);
			name = SoloTravel;
			packageProductDependencies = (
				928CCCCC2BDEF6EE007831A9 /* FirebaseAnalytics */,
				928CCCCE2BDEF6EE007831A9 /* FirebaseAuth */,
				928CCCD02BDEF6EE007831A9 /* FirebaseCrashlytics */,
				928CCCD22BDEF6EE007831A9 /* FirebaseDatabaseSwift */,
				92DC6B802BF6B0BF001B2680 /* FirebaseAnalyticsOnDeviceConversion */,
				92DC6B822BF6B0BF001B2680 /* FirebaseFirestore */,
				926BC0372C0A9760001279CF /* FirebaseFirestoreSwift */,
			);
			productName = SoloTravel;
			productReference = 92D2F8092BCE7DCB0057534B /* SoloTravel.app */;
			productType = "com.apple.product-type.application";
		};
		92D2F8182BCE7DCD0057534B /* SoloTravelTests */ = {
			isa = PBXNativeTarget;
			buildConfigurationList = 92D2F8302BCE7DCD0057534B /* Build configuration list for PBXNativeTarget "SoloTravelTests" */;
			buildPhases = (
				92D2F8152BCE7DCD0057534B /* Sources */,
				92D2F8162BCE7DCD0057534B /* Frameworks */,
				92D2F8172BCE7DCD0057534B /* Resources */,
			);
			buildRules = (
			);
			dependencies = (
				92D2F81B2BCE7DCD0057534B /* PBXTargetDependency */,
			);
			name = SoloTravelTests;
			productName = SoloTravelTests;
			productReference = 92D2F8192BCE7DCD0057534B /* SoloTravelTests.xctest */;
			productType = "com.apple.product-type.bundle.unit-test";
		};
		92D2F8222BCE7DCD0057534B /* SoloTravelUITests */ = {
			isa = PBXNativeTarget;
			buildConfigurationList = 92D2F8332BCE7DCD0057534B /* Build configuration list for PBXNativeTarget "SoloTravelUITests" */;
			buildPhases = (
				92D2F81F2BCE7DCD0057534B /* Sources */,
				92D2F8202BCE7DCD0057534B /* Frameworks */,
				92D2F8212BCE7DCD0057534B /* Resources */,
			);
			buildRules = (
			);
			dependencies = (
				92D2F8252BCE7DCD0057534B /* PBXTargetDependency */,
			);
			name = SoloTravelUITests;
			productName = SoloTravelUITests;
			productReference = 92D2F8232BCE7DCD0057534B /* SoloTravelUITests.xctest */;
			productType = "com.apple.product-type.bundle.ui-testing";
		};
/* End PBXNativeTarget section */

/* Begin PBXProject section */
		92D2F8012BCE7DCB0057534B /* Project object */ = {
			isa = PBXProject;
			attributes = {
				BuildIndependentTargetsInParallel = 1;
				LastSwiftUpdateCheck = 1530;
				LastUpgradeCheck = 1530;
				TargetAttributes = {
					92D2F8082BCE7DCB0057534B = {
						CreatedOnToolsVersion = 15.3;
					};
					92D2F8182BCE7DCD0057534B = {
						CreatedOnToolsVersion = 15.3;
						TestTargetID = 92D2F8082BCE7DCB0057534B;
					};
					92D2F8222BCE7DCD0057534B = {
						CreatedOnToolsVersion = 15.3;
						TestTargetID = 92D2F8082BCE7DCB0057534B;
					};
				};
			};
			buildConfigurationList = 92D2F8042BCE7DCB0057534B /* Build configuration list for PBXProject "SoloTravel" */;
			compatibilityVersion = "Xcode 14.0";
			developmentRegion = en;
			hasScannedForEncodings = 0;
			knownRegions = (
				en,
				Base,
			);
			mainGroup = 92D2F8002BCE7DCB0057534B;
			packageReferences = (
				928CCCCB2BDEF6EE007831A9 /* XCRemoteSwiftPackageReference "firebase-ios-sdk" */,
			);
			productRefGroup = 92D2F80A2BCE7DCB0057534B /* Products */;
			projectDirPath = "";
			projectRoot = "";
			targets = (
				92D2F8082BCE7DCB0057534B /* SoloTravel */,
				92D2F8182BCE7DCD0057534B /* SoloTravelTests */,
				92D2F8222BCE7DCD0057534B /* SoloTravelUITests */,
			);
		};
/* End PBXProject section */

/* Begin PBXResourcesBuildPhase section */
		92D2F8072BCE7DCB0057534B /* Resources */ = {
			isa = PBXResourcesBuildPhase;
			buildActionMask = 2147483647;
			files = (
				92D2F8142BCE7DCD0057534B /* Preview Assets.xcassets in Resources */,
				92D2F8112BCE7DCD0057534B /* Assets.xcassets in Resources */,
				920E50312C0C144400368677 /* GoogleService-Info.plist in Resources */,
			);
			runOnlyForDeploymentPostprocessing = 0;
		};
		92D2F8172BCE7DCD0057534B /* Resources */ = {
			isa = PBXResourcesBuildPhase;
			buildActionMask = 2147483647;
			files = (
			);
			runOnlyForDeploymentPostprocessing = 0;
		};
		92D2F8212BCE7DCD0057534B /* Resources */ = {
			isa = PBXResourcesBuildPhase;
			buildActionMask = 2147483647;
			files = (
			);
			runOnlyForDeploymentPostprocessing = 0;
		};
/* End PBXResourcesBuildPhase section */

/* Begin PBXSourcesBuildPhase section */
		92D2F8052BCE7DCB0057534B /* Sources */ = {
			isa = PBXSourcesBuildPhase;
			buildActionMask = 2147483647;
			files = (
				92D53E662C0E120D0085B3EF /* DataModels.swift in Sources */,
				92DC6B712BF65041001B2680 /* MeetupsView.swift in Sources */,
				92D53E6C2C0E146B0085B3EF /* MessagesViewModel.swift in Sources */,
				92D2F8432BCE891A0057534B /* Alert.swift in Sources */,
				92D2F80F2BCE7DCB0057534B /* HomeView.swift in Sources */,
				92BD682A2BE2F7B5000BACB3 /* MessagesView.swift in Sources */,
				92C4794A2BCEA94C0020EB10 /* SoloTabView.swift in Sources */,
				92D2F8372BCE82B90057534B /* HomeViewModel.swift in Sources */,
				92DC6B7F2BF65428001B2680 /* MeetupDetailsView.swift in Sources */,
				925B35EE2BE2EBCC00DAF991 /* RootView.swift in Sources */,
				925B35EC2BE2EBC200DAF991 /* AuthenticationView.swift in Sources */,
				920D08592BDAC55000B2466C /* MessageBubbleView.swift in Sources */,
				92D53E6A2C0E12900085B3EF /* MessageManager.swift in Sources */,
				92D732A32BE7FC2C005629CB /* SignInEmailViewModel.swift in Sources */,
				92D2F80D2BCE7DCB0057534B /* SoloTravelApp.swift in Sources */,
				928CCCCA2BDE6D05007831A9 /* MessagesData.swift in Sources */,
				92D2F8392BCE85140057534B /* AccountButton.swift in Sources */,
				92DC6B7D2BF65206001B2680 /* MockData.swift in Sources */,
				92DC6B7B2BF651B8001B2680 /* MeetupView.swift in Sources */,
				920D08532BDABCE400B2466C /* MessageCellView.swift in Sources */,
				92D2F8412BCE88FF0057534B /* TravelError.swift in Sources */,
				92BD682E2BE2FAEC000BACB3 /* PersonalMessageView.swift in Sources */,
				925B35F02BE2EBD400DAF991 /* SignInEmailView.swift in Sources */,
				92D2F8482BCE89C30057534B /* String+Ext.swift in Sources */,
				920E50332C0C18F500368677 /* SettingsViewModel.swift in Sources */,
				925B35F42BE2EC3500DAF991 /* AuthenticationManager.swift in Sources */,
				92D732A62BE7FDA7005629CB /* ProfileView.swift in Sources */,
				92DC6B612BF64D46001B2680 /* UserManager.swift in Sources */,
				925B35F22BE2EBDF00DAF991 /* SettingsView.swift in Sources */,
				92F1A70B2C0FA6DD00649E6D /* MeetupCreationView.swift in Sources */,
			);
			runOnlyForDeploymentPostprocessing = 0;
		};
		92D2F8152BCE7DCD0057534B /* Sources */ = {
			isa = PBXSourcesBuildPhase;
			buildActionMask = 2147483647;
			files = (
				92D2F81E2BCE7DCD0057534B /* SoloTravelTests.swift in Sources */,
			);
			runOnlyForDeploymentPostprocessing = 0;
		};
		92D2F81F2BCE7DCD0057534B /* Sources */ = {
			isa = PBXSourcesBuildPhase;
			buildActionMask = 2147483647;
			files = (
				92D2F8282BCE7DCD0057534B /* SoloTravelUITests.swift in Sources */,
				92D2F82A2BCE7DCD0057534B /* SoloTravelUITestsLaunchTests.swift in Sources */,
			);
			runOnlyForDeploymentPostprocessing = 0;
		};
/* End PBXSourcesBuildPhase section */

/* Begin PBXTargetDependency section */
		92D2F81B2BCE7DCD0057534B /* PBXTargetDependency */ = {
			isa = PBXTargetDependency;
			target = 92D2F8082BCE7DCB0057534B /* SoloTravel */;
			targetProxy = 92D2F81A2BCE7DCD0057534B /* PBXContainerItemProxy */;
		};
		92D2F8252BCE7DCD0057534B /* PBXTargetDependency */ = {
			isa = PBXTargetDependency;
			target = 92D2F8082BCE7DCB0057534B /* SoloTravel */;
			targetProxy = 92D2F8242BCE7DCD0057534B /* PBXContainerItemProxy */;
		};
/* End PBXTargetDependency section */

/* Begin XCBuildConfiguration section */
		92D2F82B2BCE7DCD0057534B /* Debug */ = {
			isa = XCBuildConfiguration;
			buildSettings = {
				ALWAYS_SEARCH_USER_PATHS = NO;
				ASSETCATALOG_COMPILER_GENERATE_SWIFT_ASSET_SYMBOL_EXTENSIONS = YES;
				CLANG_ANALYZER_NONNULL = YES;
				CLANG_ANALYZER_NUMBER_OBJECT_CONVERSION = YES_AGGRESSIVE;
				CLANG_CXX_LANGUAGE_STANDARD = "gnu++20";
				CLANG_ENABLE_MODULES = YES;
				CLANG_ENABLE_OBJC_ARC = YES;
				CLANG_ENABLE_OBJC_WEAK = YES;
				CLANG_WARN_BLOCK_CAPTURE_AUTORELEASING = YES;
				CLANG_WARN_BOOL_CONVERSION = YES;
				CLANG_WARN_COMMA = YES;
				CLANG_WARN_CONSTANT_CONVERSION = YES;
				CLANG_WARN_DEPRECATED_OBJC_IMPLEMENTATIONS = YES;
				CLANG_WARN_DIRECT_OBJC_ISA_USAGE = YES_ERROR;
				CLANG_WARN_DOCUMENTATION_COMMENTS = YES;
				CLANG_WARN_EMPTY_BODY = YES;
				CLANG_WARN_ENUM_CONVERSION = YES;
				CLANG_WARN_INFINITE_RECURSION = YES;
				CLANG_WARN_INT_CONVERSION = YES;
				CLANG_WARN_NON_LITERAL_NULL_CONVERSION = YES;
				CLANG_WARN_OBJC_IMPLICIT_RETAIN_SELF = YES;
				CLANG_WARN_OBJC_LITERAL_CONVERSION = YES;
				CLANG_WARN_OBJC_ROOT_CLASS = YES_ERROR;
				CLANG_WARN_QUOTED_INCLUDE_IN_FRAMEWORK_HEADER = YES;
				CLANG_WARN_RANGE_LOOP_ANALYSIS = YES;
				CLANG_WARN_STRICT_PROTOTYPES = YES;
				CLANG_WARN_SUSPICIOUS_MOVE = YES;
				CLANG_WARN_UNGUARDED_AVAILABILITY = YES_AGGRESSIVE;
				CLANG_WARN_UNREACHABLE_CODE = YES;
				CLANG_WARN__DUPLICATE_METHOD_MATCH = YES;
				COPY_PHASE_STRIP = NO;
				DEBUG_INFORMATION_FORMAT = dwarf;
				ENABLE_STRICT_OBJC_MSGSEND = YES;
				ENABLE_TESTABILITY = YES;
				ENABLE_USER_SCRIPT_SANDBOXING = YES;
				GCC_C_LANGUAGE_STANDARD = gnu17;
				GCC_DYNAMIC_NO_PIC = NO;
				GCC_NO_COMMON_BLOCKS = YES;
				GCC_OPTIMIZATION_LEVEL = 0;
				GCC_PREPROCESSOR_DEFINITIONS = (
					"DEBUG=1",
					"$(inherited)",
				);
				GCC_WARN_64_TO_32_BIT_CONVERSION = YES;
				GCC_WARN_ABOUT_RETURN_TYPE = YES_ERROR;
				GCC_WARN_UNDECLARED_SELECTOR = YES;
				GCC_WARN_UNINITIALIZED_AUTOS = YES_AGGRESSIVE;
				GCC_WARN_UNUSED_FUNCTION = YES;
				GCC_WARN_UNUSED_VARIABLE = YES;
				IPHONEOS_DEPLOYMENT_TARGET = 17.4;
				LOCALIZATION_PREFERS_STRING_CATALOGS = YES;
				MTL_ENABLE_DEBUG_INFO = INCLUDE_SOURCE;
				MTL_FAST_MATH = YES;
				ONLY_ACTIVE_ARCH = YES;
				SDKROOT = iphoneos;
				SWIFT_ACTIVE_COMPILATION_CONDITIONS = "DEBUG $(inherited)";
				SWIFT_OPTIMIZATION_LEVEL = "-Onone";
			};
			name = Debug;
		};
		92D2F82C2BCE7DCD0057534B /* Release */ = {
			isa = XCBuildConfiguration;
			buildSettings = {
				ALWAYS_SEARCH_USER_PATHS = NO;
				ASSETCATALOG_COMPILER_GENERATE_SWIFT_ASSET_SYMBOL_EXTENSIONS = YES;
				CLANG_ANALYZER_NONNULL = YES;
				CLANG_ANALYZER_NUMBER_OBJECT_CONVERSION = YES_AGGRESSIVE;
				CLANG_CXX_LANGUAGE_STANDARD = "gnu++20";
				CLANG_ENABLE_MODULES = YES;
				CLANG_ENABLE_OBJC_ARC = YES;
				CLANG_ENABLE_OBJC_WEAK = YES;
				CLANG_WARN_BLOCK_CAPTURE_AUTORELEASING = YES;
				CLANG_WARN_BOOL_CONVERSION = YES;
				CLANG_WARN_COMMA = YES;
				CLANG_WARN_CONSTANT_CONVERSION = YES;
				CLANG_WARN_DEPRECATED_OBJC_IMPLEMENTATIONS = YES;
				CLANG_WARN_DIRECT_OBJC_ISA_USAGE = YES_ERROR;
				CLANG_WARN_DOCUMENTATION_COMMENTS = YES;
				CLANG_WARN_EMPTY_BODY = YES;
				CLANG_WARN_ENUM_CONVERSION = YES;
				CLANG_WARN_INFINITE_RECURSION = YES;
				CLANG_WARN_INT_CONVERSION = YES;
				CLANG_WARN_NON_LITERAL_NULL_CONVERSION = YES;
				CLANG_WARN_OBJC_IMPLICIT_RETAIN_SELF = YES;
				CLANG_WARN_OBJC_LITERAL_CONVERSION = YES;
				CLANG_WARN_OBJC_ROOT_CLASS = YES_ERROR;
				CLANG_WARN_QUOTED_INCLUDE_IN_FRAMEWORK_HEADER = YES;
				CLANG_WARN_RANGE_LOOP_ANALYSIS = YES;
				CLANG_WARN_STRICT_PROTOTYPES = YES;
				CLANG_WARN_SUSPICIOUS_MOVE = YES;
				CLANG_WARN_UNGUARDED_AVAILABILITY = YES_AGGRESSIVE;
				CLANG_WARN_UNREACHABLE_CODE = YES;
				CLANG_WARN__DUPLICATE_METHOD_MATCH = YES;
				COPY_PHASE_STRIP = NO;
				DEBUG_INFORMATION_FORMAT = "dwarf-with-dsym";
				ENABLE_NS_ASSERTIONS = NO;
				ENABLE_STRICT_OBJC_MSGSEND = YES;
				ENABLE_USER_SCRIPT_SANDBOXING = YES;
				GCC_C_LANGUAGE_STANDARD = gnu17;
				GCC_NO_COMMON_BLOCKS = YES;
				GCC_WARN_64_TO_32_BIT_CONVERSION = YES;
				GCC_WARN_ABOUT_RETURN_TYPE = YES_ERROR;
				GCC_WARN_UNDECLARED_SELECTOR = YES;
				GCC_WARN_UNINITIALIZED_AUTOS = YES_AGGRESSIVE;
				GCC_WARN_UNUSED_FUNCTION = YES;
				GCC_WARN_UNUSED_VARIABLE = YES;
				IPHONEOS_DEPLOYMENT_TARGET = 17.4;
				LOCALIZATION_PREFERS_STRING_CATALOGS = YES;
				MTL_ENABLE_DEBUG_INFO = NO;
				MTL_FAST_MATH = YES;
				SDKROOT = iphoneos;
				SWIFT_COMPILATION_MODE = wholemodule;
				VALIDATE_PRODUCT = YES;
			};
			name = Release;
		};
		92D2F82E2BCE7DCD0057534B /* Debug */ = {
			isa = XCBuildConfiguration;
			buildSettings = {
				ASSETCATALOG_COMPILER_APPICON_NAME = AppIcon;
				ASSETCATALOG_COMPILER_GLOBAL_ACCENT_COLOR_NAME = AccentColor;
				CODE_SIGN_STYLE = Automatic;
				CURRENT_PROJECT_VERSION = 1;
				DEVELOPMENT_ASSET_PATHS = "\"SoloTravel/Preview Content\"";
				DEVELOPMENT_TEAM = 9QHY7Y942C;
				ENABLE_PREVIEWS = YES;
				GENERATE_INFOPLIST_FILE = YES;
				INFOPLIST_KEY_CFBundleDisplayName = Solo;
				INFOPLIST_KEY_UIApplicationSceneManifest_Generation = YES;
				INFOPLIST_KEY_UIApplicationSupportsIndirectInputEvents = YES;
				INFOPLIST_KEY_UILaunchScreen_Generation = YES;
				INFOPLIST_KEY_UISupportedInterfaceOrientations_iPad = "UIInterfaceOrientationPortrait UIInterfaceOrientationPortraitUpsideDown UIInterfaceOrientationLandscapeLeft UIInterfaceOrientationLandscapeRight";
				INFOPLIST_KEY_UISupportedInterfaceOrientations_iPhone = "UIInterfaceOrientationPortrait UIInterfaceOrientationLandscapeLeft UIInterfaceOrientationLandscapeRight";
				LD_RUNPATH_SEARCH_PATHS = (
					"$(inherited)",
					"@executable_path/Frameworks",
				);
				MARKETING_VERSION = 1.0;
				PRODUCT_BUNDLE_IDENTIFIER = com.MaxRoberts.SoloTravel;
				PRODUCT_NAME = "$(TARGET_NAME)";
				SWIFT_EMIT_LOC_STRINGS = YES;
				SWIFT_VERSION = 5.0;
				TARGETED_DEVICE_FAMILY = "1,2";
			};
			name = Debug;
		};
		92D2F82F2BCE7DCD0057534B /* Release */ = {
			isa = XCBuildConfiguration;
			buildSettings = {
				ASSETCATALOG_COMPILER_APPICON_NAME = AppIcon;
				ASSETCATALOG_COMPILER_GLOBAL_ACCENT_COLOR_NAME = AccentColor;
				CODE_SIGN_STYLE = Automatic;
				CURRENT_PROJECT_VERSION = 1;
				DEVELOPMENT_ASSET_PATHS = "\"SoloTravel/Preview Content\"";
				DEVELOPMENT_TEAM = 9QHY7Y942C;
				ENABLE_PREVIEWS = YES;
				GENERATE_INFOPLIST_FILE = YES;
				INFOPLIST_KEY_CFBundleDisplayName = Solo;
				INFOPLIST_KEY_UIApplicationSceneManifest_Generation = YES;
				INFOPLIST_KEY_UIApplicationSupportsIndirectInputEvents = YES;
				INFOPLIST_KEY_UILaunchScreen_Generation = YES;
				INFOPLIST_KEY_UISupportedInterfaceOrientations_iPad = "UIInterfaceOrientationPortrait UIInterfaceOrientationPortraitUpsideDown UIInterfaceOrientationLandscapeLeft UIInterfaceOrientationLandscapeRight";
				INFOPLIST_KEY_UISupportedInterfaceOrientations_iPhone = "UIInterfaceOrientationPortrait UIInterfaceOrientationLandscapeLeft UIInterfaceOrientationLandscapeRight";
				LD_RUNPATH_SEARCH_PATHS = (
					"$(inherited)",
					"@executable_path/Frameworks",
				);
				MARKETING_VERSION = 1.0;
				PRODUCT_BUNDLE_IDENTIFIER = com.MaxRoberts.SoloTravel;
				PRODUCT_NAME = "$(TARGET_NAME)";
				SWIFT_EMIT_LOC_STRINGS = YES;
				SWIFT_VERSION = 5.0;
				TARGETED_DEVICE_FAMILY = "1,2";
			};
			name = Release;
		};
		92D2F8312BCE7DCD0057534B /* Debug */ = {
			isa = XCBuildConfiguration;
			buildSettings = {
				ALWAYS_EMBED_SWIFT_STANDARD_LIBRARIES = YES;
				BUNDLE_LOADER = "$(TEST_HOST)";
				CODE_SIGN_STYLE = Automatic;
				CURRENT_PROJECT_VERSION = 1;
				DEVELOPMENT_TEAM = 9QHY7Y942C;
				GENERATE_INFOPLIST_FILE = YES;
				IPHONEOS_DEPLOYMENT_TARGET = 17.4;
				MARKETING_VERSION = 1.0;
				PRODUCT_BUNDLE_IDENTIFIER = com.MaxRoberts.SoloTravelTests;
				PRODUCT_NAME = "$(TARGET_NAME)";
				SWIFT_EMIT_LOC_STRINGS = NO;
				SWIFT_VERSION = 5.0;
				TARGETED_DEVICE_FAMILY = "1,2";
				TEST_HOST = "$(BUILT_PRODUCTS_DIR)/SoloTravel.app/$(BUNDLE_EXECUTABLE_FOLDER_PATH)/SoloTravel";
			};
			name = Debug;
		};
		92D2F8322BCE7DCD0057534B /* Release */ = {
			isa = XCBuildConfiguration;
			buildSettings = {
				ALWAYS_EMBED_SWIFT_STANDARD_LIBRARIES = YES;
				BUNDLE_LOADER = "$(TEST_HOST)";
				CODE_SIGN_STYLE = Automatic;
				CURRENT_PROJECT_VERSION = 1;
				DEVELOPMENT_TEAM = 9QHY7Y942C;
				GENERATE_INFOPLIST_FILE = YES;
				IPHONEOS_DEPLOYMENT_TARGET = 17.4;
				MARKETING_VERSION = 1.0;
				PRODUCT_BUNDLE_IDENTIFIER = com.MaxRoberts.SoloTravelTests;
				PRODUCT_NAME = "$(TARGET_NAME)";
				SWIFT_EMIT_LOC_STRINGS = NO;
				SWIFT_VERSION = 5.0;
				TARGETED_DEVICE_FAMILY = "1,2";
				TEST_HOST = "$(BUILT_PRODUCTS_DIR)/SoloTravel.app/$(BUNDLE_EXECUTABLE_FOLDER_PATH)/SoloTravel";
			};
			name = Release;
		};
		92D2F8342BCE7DCD0057534B /* Debug */ = {
			isa = XCBuildConfiguration;
			buildSettings = {
				ALWAYS_EMBED_SWIFT_STANDARD_LIBRARIES = YES;
				CODE_SIGN_STYLE = Automatic;
				CURRENT_PROJECT_VERSION = 1;
				DEVELOPMENT_TEAM = 9QHY7Y942C;
				GENERATE_INFOPLIST_FILE = YES;
				MARKETING_VERSION = 1.0;
				PRODUCT_BUNDLE_IDENTIFIER = com.MaxRoberts.SoloTravelUITests;
				PRODUCT_NAME = "$(TARGET_NAME)";
				SWIFT_EMIT_LOC_STRINGS = NO;
				SWIFT_VERSION = 5.0;
				TARGETED_DEVICE_FAMILY = "1,2";
				TEST_TARGET_NAME = SoloTravel;
			};
			name = Debug;
		};
		92D2F8352BCE7DCD0057534B /* Release */ = {
			isa = XCBuildConfiguration;
			buildSettings = {
				ALWAYS_EMBED_SWIFT_STANDARD_LIBRARIES = YES;
				CODE_SIGN_STYLE = Automatic;
				CURRENT_PROJECT_VERSION = 1;
				DEVELOPMENT_TEAM = 9QHY7Y942C;
				GENERATE_INFOPLIST_FILE = YES;
				MARKETING_VERSION = 1.0;
				PRODUCT_BUNDLE_IDENTIFIER = com.MaxRoberts.SoloTravelUITests;
				PRODUCT_NAME = "$(TARGET_NAME)";
				SWIFT_EMIT_LOC_STRINGS = NO;
				SWIFT_VERSION = 5.0;
				TARGETED_DEVICE_FAMILY = "1,2";
				TEST_TARGET_NAME = SoloTravel;
			};
			name = Release;
		};
/* End XCBuildConfiguration section */

/* Begin XCConfigurationList section */
		92D2F8042BCE7DCB0057534B /* Build configuration list for PBXProject "SoloTravel" */ = {
			isa = XCConfigurationList;
			buildConfigurations = (
				92D2F82B2BCE7DCD0057534B /* Debug */,
				92D2F82C2BCE7DCD0057534B /* Release */,
			);
			defaultConfigurationIsVisible = 0;
			defaultConfigurationName = Release;
		};
		92D2F82D2BCE7DCD0057534B /* Build configuration list for PBXNativeTarget "SoloTravel" */ = {
			isa = XCConfigurationList;
			buildConfigurations = (
				92D2F82E2BCE7DCD0057534B /* Debug */,
				92D2F82F2BCE7DCD0057534B /* Release */,
			);
			defaultConfigurationIsVisible = 0;
			defaultConfigurationName = Release;
		};
		92D2F8302BCE7DCD0057534B /* Build configuration list for PBXNativeTarget "SoloTravelTests" */ = {
			isa = XCConfigurationList;
			buildConfigurations = (
				92D2F8312BCE7DCD0057534B /* Debug */,
				92D2F8322BCE7DCD0057534B /* Release */,
			);
			defaultConfigurationIsVisible = 0;
			defaultConfigurationName = Release;
		};
		92D2F8332BCE7DCD0057534B /* Build configuration list for PBXNativeTarget "SoloTravelUITests" */ = {
			isa = XCConfigurationList;
			buildConfigurations = (
				92D2F8342BCE7DCD0057534B /* Debug */,
				92D2F8352BCE7DCD0057534B /* Release */,
			);
			defaultConfigurationIsVisible = 0;
			defaultConfigurationName = Release;
		};
/* End XCConfigurationList section */

/* Begin XCRemoteSwiftPackageReference section */
		928CCCCB2BDEF6EE007831A9 /* XCRemoteSwiftPackageReference "firebase-ios-sdk" */ = {
			isa = XCRemoteSwiftPackageReference;
			repositoryURL = "https://github.com/firebase/firebase-ios-sdk";
			requirement = {
				kind = upToNextMajorVersion;
				minimumVersion = 10.24.0;
			};
		};
/* End XCRemoteSwiftPackageReference section */

/* Begin XCSwiftPackageProductDependency section */
		926BC0372C0A9760001279CF /* FirebaseFirestoreSwift */ = {
			isa = XCSwiftPackageProductDependency;
			package = 928CCCCB2BDEF6EE007831A9 /* XCRemoteSwiftPackageReference "firebase-ios-sdk" */;
			productName = FirebaseFirestoreSwift;
		};
		928CCCCC2BDEF6EE007831A9 /* FirebaseAnalytics */ = {
			isa = XCSwiftPackageProductDependency;
			package = 928CCCCB2BDEF6EE007831A9 /* XCRemoteSwiftPackageReference "firebase-ios-sdk" */;
			productName = FirebaseAnalytics;
		};
		928CCCCE2BDEF6EE007831A9 /* FirebaseAuth */ = {
			isa = XCSwiftPackageProductDependency;
			package = 928CCCCB2BDEF6EE007831A9 /* XCRemoteSwiftPackageReference "firebase-ios-sdk" */;
			productName = FirebaseAuth;
		};
		928CCCD02BDEF6EE007831A9 /* FirebaseCrashlytics */ = {
			isa = XCSwiftPackageProductDependency;
			package = 928CCCCB2BDEF6EE007831A9 /* XCRemoteSwiftPackageReference "firebase-ios-sdk" */;
			productName = FirebaseCrashlytics;
		};
		928CCCD22BDEF6EE007831A9 /* FirebaseDatabaseSwift */ = {
			isa = XCSwiftPackageProductDependency;
			package = 928CCCCB2BDEF6EE007831A9 /* XCRemoteSwiftPackageReference "firebase-ios-sdk" */;
			productName = FirebaseDatabaseSwift;
		};
		92DC6B802BF6B0BF001B2680 /* FirebaseAnalyticsOnDeviceConversion */ = {
			isa = XCSwiftPackageProductDependency;
			package = 928CCCCB2BDEF6EE007831A9 /* XCRemoteSwiftPackageReference "firebase-ios-sdk" */;
			productName = FirebaseAnalyticsOnDeviceConversion;
		};
		92DC6B822BF6B0BF001B2680 /* FirebaseFirestore */ = {
			isa = XCSwiftPackageProductDependency;
			package = 928CCCCB2BDEF6EE007831A9 /* XCRemoteSwiftPackageReference "firebase-ios-sdk" */;
			productName = FirebaseFirestore;
		};
/* End XCSwiftPackageProductDependency section */
	};
	rootObject = 92D2F8012BCE7DCB0057534B /* Project object */;
}
